
Microsoft Visual Studio Solution File, Format Version 12.00
# Visual Studio 15
VisualStudioVersion = 15.0.28307.1209
MinimumVisualStudioVersion = 10.0.40219.1
Project("{FAE04EC0-301F-11D3-BF4B-00C04F79EFBC}") = "Huffman", "Huffman.csproj", "{0E9EFE54-67BF-4A99-81F8-0AC2F50811F9}"
EndProject
Global
	GlobalSection(SolutionConfigurationPlatforms) = preSolution
		Debug|Any CPU = Debug|Any CPU
		Release|Any CPU = Release|Any CPU
	EndGlobalSection
	GlobalSection(ProjectConfigurationPlatforms) = postSolution
		{0E9EFE54-67BF-4A99-81F8-0AC2F50811F9}.Debug|Any CPU.ActiveCfg = Debug|Any CPU
		{0E9EFE54-67BF-4A99-81F8-0AC2F50811F9}.Debug|Any CPU.Build.0 = Debug|Any CPU
		{0E9EFE54-67BF-4A99-81F8-0AC2F50811F9}.Release|Any CPU.ActiveCfg = Release|Any CPU
		{0E9EFE54-67BF-4A99-81F8-0AC2F50811F9}.Release|Any CPU.Build.0 = Release|Any CPU
	EndGlobalSection
	GlobalSection(SolutionProperties) = preSolution
		HideSolutionNode = FALSE
	EndGlobalSection
	GlobalSection(ExtensibilityGlobals) = postSolution
		SolutionGuid = {8C0C174B-F991-440C-9CC2-47DD2031127D}
	EndGlobalSection
EndGlobal
